
Microsoft Visual Studio Solution File, Format Version 12.00
# Visual Studio Version 17
VisualStudioVersion = 17.7.34031.279
MinimumVisualStudioVersion = 10.0.40219.1
Project("{9A19103F-16F7-4668-BE54-9A1E7A4F7556}") = "onnaMUD-Core", "onnaMUD-Core\onnaMUD-Core.csproj", "{042412E5-AFD0-4662-B892-BD2966B7FA0E}"
EndProject
Project("{9A19103F-16F7-4668-BE54-9A1E7A4F7556}") = "CommandsTest", "CommandsTest\CommandsTest.csproj", "{B896D129-99BB-4C27-9481-6B2A95FA5F63}"
EndProject
Global
	GlobalSection(SolutionConfigurationPlatforms) = preSolution
		Debug|Any CPU = Debug|Any CPU
		Release|Any CPU = Release|Any CPU
	EndGlobalSection
	GlobalSection(ProjectConfigurationPlatforms) = postSolution
		{042412E5-AFD0-4662-B892-BD2966B7FA0E}.Debug|Any CPU.ActiveCfg = Debug|Any CPU
		{042412E5-AFD0-4662-B892-BD2966B7FA0E}.Debug|Any CPU.Build.0 = Debug|Any CPU
		{042412E5-AFD0-4662-B892-BD2966B7FA0E}.Release|Any CPU.ActiveCfg = Release|Any CPU
		{042412E5-AFD0-4662-B892-BD2966B7FA0E}.Release|Any CPU.Build.0 = Release|Any CPU
		{B896D129-99BB-4C27-9481-6B2A95FA5F63}.Debug|Any CPU.ActiveCfg = Debug|Any CPU
		{B896D129-99BB-4C27-9481-6B2A95FA5F63}.Release|Any CPU.ActiveCfg = Release|Any CPU
	EndGlobalSection
	GlobalSection(SolutionProperties) = preSolution
		HideSolutionNode = FALSE
	EndGlobalSection
	GlobalSection(ExtensibilityGlobals) = postSolution
		SolutionGuid = {49FE159A-E737-423A-851E-EEF8E31CE75C}
	EndGlobalSection
EndGlobal
